
Microsoft Visual Studio Solution File, Format Version 12.00
# Visual Studio 15
VisualStudioVersion = 15.0.28307.779
MinimumVisualStudioVersion = 10.0.40219.1
Project("{FAE04EC0-301F-11D3-BF4B-00C04F79EFBC}") = "Racing", "Racing\Racing.csproj", "{E9CD06BB-1477-4A5C-B720-2133BB76EF11}"
EndProject
Global
	GlobalSection(SolutionConfigurationPlatforms) = preSolution
		Debug|Any CPU = Debug|Any CPU
		Release|Any CPU = Release|Any CPU
	EndGlobalSection
	GlobalSection(ProjectConfigurationPlatforms) = postSolution
		{E9CD06BB-1477-4A5C-B720-2133BB76EF11}.Debug|Any CPU.ActiveCfg = Debug|Any CPU
		{E9CD06BB-1477-4A5C-B720-2133BB76EF11}.Debug|Any CPU.Build.0 = Debug|Any CPU
		{E9CD06BB-1477-4A5C-B720-2133BB76EF11}.Release|Any CPU.ActiveCfg = Release|Any CPU
		{E9CD06BB-1477-4A5C-B720-2133BB76EF11}.Release|Any CPU.Build.0 = Release|Any CPU
	EndGlobalSection
	GlobalSection(SolutionProperties) = preSolution
		HideSolutionNode = FALSE
	EndGlobalSection
	GlobalSection(ExtensibilityGlobals) = postSolution
		SolutionGuid = {BDF5A4A6-9FD5-4250-8B2A-A97A22D58FF0}
	EndGlobalSection
EndGlobal
